
Microsoft Visual Studio Solution File, Format Version 12.00
# Visual Studio 2013
VisualStudioVersion = 12.0.40629.0
MinimumVisualStudioVersion = 10.0.40219.1
Project("{E24C65DC-7377-472B-9ABA-BC803B73C61A}") = "WebsiteVbRazorV2", "http://localhost:60422", "{F45F8C2C-4A9B-4F7C-8641-1AE0933E15A2}"
	ProjectSection(WebsiteProperties) = preProject
		UseIISExpress = "true"
		TargetFrameworkMoniker = ".NETFramework,Version%3Dv4.5"
		Debug.AspNetCompiler.VirtualPath = "/localhost_60422"
		Debug.AspNetCompiler.PhysicalPath = "WebsiteVbRazorV2\"
		Debug.AspNetCompiler.TargetPath = "PrecompiledWeb\localhost_60422\"
		Debug.AspNetCompiler.Updateable = "true"
		Debug.AspNetCompiler.ForceOverwrite = "true"
		Debug.AspNetCompiler.FixedNames = "false"
		Debug.AspNetCompiler.Debug = "True"
		Release.AspNetCompiler.VirtualPath = "/localhost_60422"
		Release.AspNetCompiler.PhysicalPath = "WebsiteVbRazorV2\"
		Release.AspNetCompiler.TargetPath = "PrecompiledWeb\localhost_60422\"
		Release.AspNetCompiler.Updateable = "true"
		Release.AspNetCompiler.ForceOverwrite = "true"
		Release.AspNetCompiler.FixedNames = "false"
		Release.AspNetCompiler.Debug = "False"
		SlnRelativePath = "WebsiteVbRazorV2\"
		DefaultWebSiteLanguage = "Visual Basic"
	EndProjectSection
EndProject
Project("{E24C65DC-7377-472B-9ABA-BC803B73C61A}") = "http://localhost:8081", "http://localhost:8081", "{6DC07753-3176-4417-98F9-86CDAB850557}"
	ProjectSection(WebsiteProperties) = preProject
		UseIISExpress = "false"
		TargetFrameworkMoniker = ".NETFramework,Version%3Dv4.5"
		Debug.AspNetCompiler.VirtualPath = "/localhost_8081"
		Debug.AspNetCompiler.PhysicalPath = "WebFormsCsHTTP\"
		Debug.AspNetCompiler.TargetPath = "PrecompiledWeb\localhost_8081\"
		Debug.AspNetCompiler.Updateable = "true"
		Debug.AspNetCompiler.ForceOverwrite = "true"
		Debug.AspNetCompiler.FixedNames = "false"
		Debug.AspNetCompiler.Debug = "True"
		Release.AspNetCompiler.VirtualPath = "/localhost_8081"
		Release.AspNetCompiler.PhysicalPath = "WebFormsCsHTTP\"
		Release.AspNetCompiler.TargetPath = "PrecompiledWeb\localhost_8081\"
		Release.AspNetCompiler.Updateable = "true"
		Release.AspNetCompiler.ForceOverwrite = "true"
		Release.AspNetCompiler.FixedNames = "false"
		Release.AspNetCompiler.Debug = "False"
		SlnRelativePath = "WebFormsCsHTTP\"
	EndProjectSection
EndProject
Global
	GlobalSection(SolutionConfigurationPlatforms) = preSolution
		Debug|Any CPU = Debug|Any CPU
	EndGlobalSection
	GlobalSection(ProjectConfigurationPlatforms) = postSolution
		{F45F8C2C-4A9B-4F7C-8641-1AE0933E15A2}.Debug|Any CPU.ActiveCfg = Debug|Any CPU
		{F45F8C2C-4A9B-4F7C-8641-1AE0933E15A2}.Debug|Any CPU.Build.0 = Debug|Any CPU
		{6DC07753-3176-4417-98F9-86CDAB850557}.Debug|Any CPU.ActiveCfg = Debug|Any CPU
		{6DC07753-3176-4417-98F9-86CDAB850557}.Debug|Any CPU.Build.0 = Debug|Any CPU
	EndGlobalSection
	GlobalSection(SolutionProperties) = preSolution
		HideSolutionNode = FALSE
	EndGlobalSection
EndGlobal
