
Microsoft Visual Studio Solution File, Format Version 12.00
# Visual Studio 15
VisualStudioVersion = 15.0.28307.757
MinimumVisualStudioVersion = 10.0.40219.1
Project("{FAE04EC0-301F-11D3-BF4B-00C04F79EFBC}") = "Anc22_RazorWithRCLib_Core_Ind", "Anc22_RazorWithRCLib_Core_Ind\Anc22_RazorWithRCLib_Core_Ind.csproj", "{D32713BB-61BA-48D7-BA47-C75EE31FE81D}"
EndProject
Project("{FAE04EC0-301F-11D3-BF4B-00C04F79EFBC}") = "RazorClassLib", "RazorClassLib\RazorClassLib.csproj", "{E05FC36D-2B8F-4B94-AD10-2B0892EB03F9}"
EndProject
Global
	GlobalSection(SolutionConfigurationPlatforms) = preSolution
		Debug|Any CPU = Debug|Any CPU
		Release|Any CPU = Release|Any CPU
	EndGlobalSection
	GlobalSection(ProjectConfigurationPlatforms) = postSolution
		{D32713BB-61BA-48D7-BA47-C75EE31FE81D}.Debug|Any CPU.ActiveCfg = Debug|Any CPU
		{D32713BB-61BA-48D7-BA47-C75EE31FE81D}.Debug|Any CPU.Build.0 = Debug|Any CPU
		{D32713BB-61BA-48D7-BA47-C75EE31FE81D}.Release|Any CPU.ActiveCfg = Release|Any CPU
		{D32713BB-61BA-48D7-BA47-C75EE31FE81D}.Release|Any CPU.Build.0 = Release|Any CPU
		{E05FC36D-2B8F-4B94-AD10-2B0892EB03F9}.Debug|Any CPU.ActiveCfg = Debug|Any CPU
		{E05FC36D-2B8F-4B94-AD10-2B0892EB03F9}.Debug|Any CPU.Build.0 = Debug|Any CPU
		{E05FC36D-2B8F-4B94-AD10-2B0892EB03F9}.Release|Any CPU.ActiveCfg = Release|Any CPU
		{E05FC36D-2B8F-4B94-AD10-2B0892EB03F9}.Release|Any CPU.Build.0 = Release|Any CPU
	EndGlobalSection
	GlobalSection(SolutionProperties) = preSolution
		HideSolutionNode = FALSE
	EndGlobalSection
	GlobalSection(ExtensibilityGlobals) = postSolution
		SolutionGuid = {C393CE62-4156-42AE-9BC9-6456590C6A71}
	EndGlobalSection
EndGlobal
