
Microsoft Visual Studio Solution File, Format Version 12.00
# Visual Studio 15
VisualStudioVersion = 15.0.27019.1
MinimumVisualStudioVersion = 10.0.40219.1
Project("{FAE04EC0-301F-11D3-BF4B-00C04F79EFBC}") = "ASP.NET Core 1.1_NET FrameworkNoAuth", "ASP.NET Core 1.1_NET FrameworkNoAuth\ASP.NET Core 1.1_NET FrameworkNoAuth.csproj", "{C745E76D-9FC1-4537-A306-473E51EFCC75}"
EndProject
Global
	GlobalSection(SolutionConfigurationPlatforms) = preSolution
		Debug|Any CPU = Debug|Any CPU
		Release|Any CPU = Release|Any CPU
	EndGlobalSection
	GlobalSection(ProjectConfigurationPlatforms) = postSolution
		{C745E76D-9FC1-4537-A306-473E51EFCC75}.Debug|Any CPU.ActiveCfg = Debug|Any CPU
		{C745E76D-9FC1-4537-A306-473E51EFCC75}.Debug|Any CPU.Build.0 = Debug|Any CPU
		{C745E76D-9FC1-4537-A306-473E51EFCC75}.Release|Any CPU.ActiveCfg = Release|Any CPU
		{C745E76D-9FC1-4537-A306-473E51EFCC75}.Release|Any CPU.Build.0 = Release|Any CPU
	EndGlobalSection
	GlobalSection(SolutionProperties) = preSolution
		HideSolutionNode = FALSE
	EndGlobalSection
	GlobalSection(ExtensibilityGlobals) = postSolution
		SolutionGuid = {AD80B0DB-E9C8-48F4-9A85-D20631A91807}
	EndGlobalSection
EndGlobal
