
Microsoft Visual Studio Solution File, Format Version 12.00
# Visual Studio Version 16
VisualStudioVersion = 16.0.29503.13
MinimumVisualStudioVersion = 10.0.40219.1
Project("{FAE04EC0-301F-11D3-BF4B-00C04F79EFBC}") = "Anc30_Razor_Core_Ind", "Anc30_Razor_Core_Ind\Anc30_Razor_Core_Ind.csproj", "{FEF7BD0A-DF4B-46E8-9AC1-49663E090B96}"
EndProject
Global
	GlobalSection(SolutionConfigurationPlatforms) = preSolution
		Debug|Any CPU = Debug|Any CPU
		Release|Any CPU = Release|Any CPU
	EndGlobalSection
	GlobalSection(ProjectConfigurationPlatforms) = postSolution
		{FEF7BD0A-DF4B-46E8-9AC1-49663E090B96}.Debug|Any CPU.ActiveCfg = Debug|Any CPU
		{FEF7BD0A-DF4B-46E8-9AC1-49663E090B96}.Debug|Any CPU.Build.0 = Debug|Any CPU
		{FEF7BD0A-DF4B-46E8-9AC1-49663E090B96}.Release|Any CPU.ActiveCfg = Release|Any CPU
		{FEF7BD0A-DF4B-46E8-9AC1-49663E090B96}.Release|Any CPU.Build.0 = Release|Any CPU
	EndGlobalSection
	GlobalSection(SolutionProperties) = preSolution
		HideSolutionNode = FALSE
	EndGlobalSection
	GlobalSection(ExtensibilityGlobals) = postSolution
		SolutionGuid = {9ECB226B-192D-4570-B6FB-0A48F2978391}
	EndGlobalSection
EndGlobal
