
Microsoft Visual Studio Solution File, Format Version 12.00
# Visual Studio 15
VisualStudioVersion = 15.0.27703.2047
MinimumVisualStudioVersion = 10.0.40219.1
Project("{FAE04EC0-301F-11D3-BF4B-00C04F79EFBC}") = "Anc21_RazorPagesWithRazorClassLib_Core_IndAuth", "Anc21_RazorPagesWithRazorClassLib_Core_IndAuth\Anc21_RazorPagesWithRazorClassLib_Core_IndAuth.csproj", "{21478E0D-6949-4667-8E54-427D26CDD8F1}"
EndProject
Project("{FAE04EC0-301F-11D3-BF4B-00C04F79EFBC}") = "RazorClassLib_Core21", "RazorClassLib_Core21\RazorClassLib_Core21.csproj", "{DCD6BC4D-0717-4B0E-9EC3-FE0CB1F49A1C}"
EndProject
Global
	GlobalSection(SolutionConfigurationPlatforms) = preSolution
		Debug|Any CPU = Debug|Any CPU
		Release|Any CPU = Release|Any CPU
	EndGlobalSection
	GlobalSection(ProjectConfigurationPlatforms) = postSolution
		{21478E0D-6949-4667-8E54-427D26CDD8F1}.Debug|Any CPU.ActiveCfg = Debug|Any CPU
		{21478E0D-6949-4667-8E54-427D26CDD8F1}.Debug|Any CPU.Build.0 = Debug|Any CPU
		{21478E0D-6949-4667-8E54-427D26CDD8F1}.Release|Any CPU.ActiveCfg = Release|Any CPU
		{21478E0D-6949-4667-8E54-427D26CDD8F1}.Release|Any CPU.Build.0 = Release|Any CPU
		{DCD6BC4D-0717-4B0E-9EC3-FE0CB1F49A1C}.Debug|Any CPU.ActiveCfg = Debug|Any CPU
		{DCD6BC4D-0717-4B0E-9EC3-FE0CB1F49A1C}.Debug|Any CPU.Build.0 = Debug|Any CPU
		{DCD6BC4D-0717-4B0E-9EC3-FE0CB1F49A1C}.Release|Any CPU.ActiveCfg = Release|Any CPU
		{DCD6BC4D-0717-4B0E-9EC3-FE0CB1F49A1C}.Release|Any CPU.Build.0 = Release|Any CPU
	EndGlobalSection
	GlobalSection(SolutionProperties) = preSolution
		HideSolutionNode = FALSE
	EndGlobalSection
	GlobalSection(ExtensibilityGlobals) = postSolution
		SolutionGuid = {1F316E8E-1A6E-41EA-BF66-9E5C97D885B4}
	EndGlobalSection
EndGlobal
