
Microsoft Visual Studio Solution File, Format Version 12.00
# Visual Studio 15
VisualStudioVersion = 15.0.27703.2047
MinimumVisualStudioVersion = 10.0.40219.1
Project("{FAE04EC0-301F-11D3-BF4B-00C04F79EFBC}") = "Anc21_MVC_Net461_IndAuth", "Anc21_MVC_Net461_IndAuth\Anc21_MVC_Net461_IndAuth.csproj", "{DFD415B5-B704-4AAE-B8DD-2CA75BED4A22}"
EndProject
Global
	GlobalSection(SolutionConfigurationPlatforms) = preSolution
		Debug|Any CPU = Debug|Any CPU
		Release|Any CPU = Release|Any CPU
	EndGlobalSection
	GlobalSection(ProjectConfigurationPlatforms) = postSolution
		{DFD415B5-B704-4AAE-B8DD-2CA75BED4A22}.Debug|Any CPU.ActiveCfg = Debug|Any CPU
		{DFD415B5-B704-4AAE-B8DD-2CA75BED4A22}.Debug|Any CPU.Build.0 = Debug|Any CPU
		{DFD415B5-B704-4AAE-B8DD-2CA75BED4A22}.Release|Any CPU.ActiveCfg = Release|Any CPU
		{DFD415B5-B704-4AAE-B8DD-2CA75BED4A22}.Release|Any CPU.Build.0 = Release|Any CPU
	EndGlobalSection
	GlobalSection(SolutionProperties) = preSolution
		HideSolutionNode = FALSE
	EndGlobalSection
	GlobalSection(ExtensibilityGlobals) = postSolution
		SolutionGuid = {C0866E2F-3762-4188-9A76-B2828BE2DFB7}
	EndGlobalSection
EndGlobal
