
Microsoft Visual Studio Solution File, Format Version 12.00
# Visual Studio 15
VisualStudioVersion = 15.0.27703.2047
MinimumVisualStudioVersion = 10.0.40219.1
Project("{FAE04EC0-301F-11D3-BF4B-00C04F79EFBC}") = "Anc21_RazorWithRCLib_Core_Ind", "Anc21_RazorWithRCLib_Core_Ind\Anc21_RazorWithRCLib_Core_Ind.csproj", "{66ACBE83-0AD9-427D-9117-CF87F6179A2A}"
EndProject
Project("{FAE04EC0-301F-11D3-BF4B-00C04F79EFBC}") = "RazorClassLib", "RazorClassLib\RazorClassLib.csproj", "{E6DF0BF5-4875-4C12-9544-F0F0172EEFB8}"
EndProject
Global
	GlobalSection(SolutionConfigurationPlatforms) = preSolution
		Debug|Any CPU = Debug|Any CPU
		Release|Any CPU = Release|Any CPU
	EndGlobalSection
	GlobalSection(ProjectConfigurationPlatforms) = postSolution
		{66ACBE83-0AD9-427D-9117-CF87F6179A2A}.Debug|Any CPU.ActiveCfg = Debug|Any CPU
		{66ACBE83-0AD9-427D-9117-CF87F6179A2A}.Debug|Any CPU.Build.0 = Debug|Any CPU
		{66ACBE83-0AD9-427D-9117-CF87F6179A2A}.Release|Any CPU.ActiveCfg = Release|Any CPU
		{66ACBE83-0AD9-427D-9117-CF87F6179A2A}.Release|Any CPU.Build.0 = Release|Any CPU
		{E6DF0BF5-4875-4C12-9544-F0F0172EEFB8}.Debug|Any CPU.ActiveCfg = Debug|Any CPU
		{E6DF0BF5-4875-4C12-9544-F0F0172EEFB8}.Debug|Any CPU.Build.0 = Debug|Any CPU
		{E6DF0BF5-4875-4C12-9544-F0F0172EEFB8}.Release|Any CPU.ActiveCfg = Release|Any CPU
		{E6DF0BF5-4875-4C12-9544-F0F0172EEFB8}.Release|Any CPU.Build.0 = Release|Any CPU
	EndGlobalSection
	GlobalSection(SolutionProperties) = preSolution
		HideSolutionNode = FALSE
	EndGlobalSection
	GlobalSection(ExtensibilityGlobals) = postSolution
		SolutionGuid = {37498EC6-4AB1-4E07-851E-49223120906F}
	EndGlobalSection
EndGlobal
