
Microsoft Visual Studio Solution File, Format Version 12.00
# Visual Studio 15
VisualStudioVersion = 15.0.27019.1
MinimumVisualStudioVersion = 10.0.40219.1
Project("{FAE04EC0-301F-11D3-BF4B-00C04F79EFBC}") = "Core10NoAuth", "Core10NoAuth\Core10NoAuth.csproj", "{C384B905-8811-41AF-A78C-403158154E2C}"
EndProject
Global
	GlobalSection(SolutionConfigurationPlatforms) = preSolution
		Debug|Any CPU = Debug|Any CPU
		Release|Any CPU = Release|Any CPU
	EndGlobalSection
	GlobalSection(ProjectConfigurationPlatforms) = postSolution
		{C384B905-8811-41AF-A78C-403158154E2C}.Debug|Any CPU.ActiveCfg = Debug|Any CPU
		{C384B905-8811-41AF-A78C-403158154E2C}.Debug|Any CPU.Build.0 = Debug|Any CPU
		{C384B905-8811-41AF-A78C-403158154E2C}.Release|Any CPU.ActiveCfg = Release|Any CPU
		{C384B905-8811-41AF-A78C-403158154E2C}.Release|Any CPU.Build.0 = Release|Any CPU
	EndGlobalSection
	GlobalSection(SolutionProperties) = preSolution
		HideSolutionNode = FALSE
	EndGlobalSection
	GlobalSection(ExtensibilityGlobals) = postSolution
		SolutionGuid = {7DBB682B-DDD0-42C3-B334-AEEB2D4499D8}
	EndGlobalSection
EndGlobal
