
Microsoft Visual Studio Solution File, Format Version 12.00
# Visual Studio 15
VisualStudioVersion = 15.0.26228.12
MinimumVisualStudioVersion = 10.0.40219.1
Project("{FAE04EC0-301F-11D3-BF4B-00C04F79EFBC}") = "AspNetCoreWebApp_Empty11_Net461", "AspNetCoreWebApp_Empty11_Net461\AspNetCoreWebApp_Empty11_Net461.csproj", "{3C3FA754-D404-4284-8EC6-3A0D8E04ECC8}"
EndProject
Project("{FAE04EC0-301F-11D3-BF4B-00C04F79EFBC}") = "NetStandardClassLib_Net461", "NetStandardClassLib_Net461\NetStandardClassLib_Net461.csproj", "{B114F750-92E1-4004-98CB-EB98E17750F1}"
EndProject
Global
	GlobalSection(SolutionConfigurationPlatforms) = preSolution
		Debug|Any CPU = Debug|Any CPU
		Release|Any CPU = Release|Any CPU
	EndGlobalSection
	GlobalSection(ProjectConfigurationPlatforms) = postSolution
		{3C3FA754-D404-4284-8EC6-3A0D8E04ECC8}.Debug|Any CPU.ActiveCfg = Debug|Any CPU
		{3C3FA754-D404-4284-8EC6-3A0D8E04ECC8}.Debug|Any CPU.Build.0 = Debug|Any CPU
		{3C3FA754-D404-4284-8EC6-3A0D8E04ECC8}.Release|Any CPU.ActiveCfg = Release|Any CPU
		{3C3FA754-D404-4284-8EC6-3A0D8E04ECC8}.Release|Any CPU.Build.0 = Release|Any CPU
		{B114F750-92E1-4004-98CB-EB98E17750F1}.Debug|Any CPU.ActiveCfg = Debug|Any CPU
		{B114F750-92E1-4004-98CB-EB98E17750F1}.Debug|Any CPU.Build.0 = Debug|Any CPU
		{B114F750-92E1-4004-98CB-EB98E17750F1}.Release|Any CPU.ActiveCfg = Release|Any CPU
		{B114F750-92E1-4004-98CB-EB98E17750F1}.Release|Any CPU.Build.0 = Release|Any CPU
	EndGlobalSection
	GlobalSection(SolutionProperties) = preSolution
		HideSolutionNode = FALSE
	EndGlobalSection
EndGlobal
