
Microsoft Visual Studio Solution File, Format Version 12.00
# Visual Studio 15
VisualStudioVersion = 15.0.28302.56
MinimumVisualStudioVersion = 10.0.40219.1
Project("{FAE04EC0-301F-11D3-BF4B-00C04F79EFBC}") = "Core11Noauth", "Core11Noauth\Core11Noauth.csproj", "{D44C5AFE-F616-46CE-9F58-B77ED72BE9A9}"
EndProject
Project("{FAE04EC0-301F-11D3-BF4B-00C04F79EFBC}") = "Fw21IndAuth", "Fw21IndAuth\Fw21IndAuth.csproj", "{1EB58396-AF00-4EA2-8B79-D686342F322F}"
EndProject
Project("{FAE04EC0-301F-11D3-BF4B-00C04F79EFBC}") = "WebFormsIndAuth", "WebFormsIndAuth\WebFormsIndAuth.csproj", "{71272E47-CC0D-42C1-997F-3A51B3C9D15C}"
EndProject
Project("{E24C65DC-7377-472B-9ABA-BC803B73C61A}") = "WebSiteRazorv3", "WebSiteRazorv3\", "{231171E5-205E-4309-91C1-EEFA30D7A5B6}"
	ProjectSection(WebsiteProperties) = preProject
		TargetFrameworkMoniker = ".NETFramework,Version%3Dv4.6.1"
		Debug.AspNetCompiler.VirtualPath = "/localhost_57219"
		Debug.AspNetCompiler.PhysicalPath = "WebSiteRazorv3\"
		Debug.AspNetCompiler.TargetPath = "PrecompiledWeb\localhost_57219\"
		Debug.AspNetCompiler.Updateable = "true"
		Debug.AspNetCompiler.ForceOverwrite = "true"
		Debug.AspNetCompiler.FixedNames = "false"
		Debug.AspNetCompiler.Debug = "True"
		Release.AspNetCompiler.VirtualPath = "/localhost_57219"
		Release.AspNetCompiler.PhysicalPath = "WebSiteRazorv3\"
		Release.AspNetCompiler.TargetPath = "PrecompiledWeb\localhost_57219\"
		Release.AspNetCompiler.Updateable = "true"
		Release.AspNetCompiler.ForceOverwrite = "true"
		Release.AspNetCompiler.FixedNames = "false"
		Release.AspNetCompiler.Debug = "False"
		VWDPort = "57219"
		SlnRelativePath = "WebSiteRazorv3\"
		DefaultWebSiteLanguage = "Visual C#"
	EndProjectSection
EndProject
Global
	GlobalSection(SolutionConfigurationPlatforms) = preSolution
		Debug|Any CPU = Debug|Any CPU
		Release|Any CPU = Release|Any CPU
	EndGlobalSection
	GlobalSection(ProjectConfigurationPlatforms) = postSolution
		{D44C5AFE-F616-46CE-9F58-B77ED72BE9A9}.Debug|Any CPU.ActiveCfg = Debug|Any CPU
		{D44C5AFE-F616-46CE-9F58-B77ED72BE9A9}.Debug|Any CPU.Build.0 = Debug|Any CPU
		{D44C5AFE-F616-46CE-9F58-B77ED72BE9A9}.Release|Any CPU.ActiveCfg = Release|Any CPU
		{D44C5AFE-F616-46CE-9F58-B77ED72BE9A9}.Release|Any CPU.Build.0 = Release|Any CPU
		{1EB58396-AF00-4EA2-8B79-D686342F322F}.Debug|Any CPU.ActiveCfg = Debug|Any CPU
		{1EB58396-AF00-4EA2-8B79-D686342F322F}.Debug|Any CPU.Build.0 = Debug|Any CPU
		{1EB58396-AF00-4EA2-8B79-D686342F322F}.Release|Any CPU.ActiveCfg = Release|Any CPU
		{1EB58396-AF00-4EA2-8B79-D686342F322F}.Release|Any CPU.Build.0 = Release|Any CPU
		{71272E47-CC0D-42C1-997F-3A51B3C9D15C}.Debug|Any CPU.ActiveCfg = Debug|Any CPU
		{71272E47-CC0D-42C1-997F-3A51B3C9D15C}.Debug|Any CPU.Build.0 = Debug|Any CPU
		{71272E47-CC0D-42C1-997F-3A51B3C9D15C}.Release|Any CPU.ActiveCfg = Release|Any CPU
		{71272E47-CC0D-42C1-997F-3A51B3C9D15C}.Release|Any CPU.Build.0 = Release|Any CPU
		{231171E5-205E-4309-91C1-EEFA30D7A5B6}.Debug|Any CPU.ActiveCfg = Debug|Any CPU
		{231171E5-205E-4309-91C1-EEFA30D7A5B6}.Debug|Any CPU.Build.0 = Debug|Any CPU
		{231171E5-205E-4309-91C1-EEFA30D7A5B6}.Release|Any CPU.ActiveCfg = Debug|Any CPU
		{231171E5-205E-4309-91C1-EEFA30D7A5B6}.Release|Any CPU.Build.0 = Debug|Any CPU
	EndGlobalSection
	GlobalSection(SolutionProperties) = preSolution
		HideSolutionNode = FALSE
	EndGlobalSection
	GlobalSection(ExtensibilityGlobals) = postSolution
		SolutionGuid = {1B58F32C-DD1E-47BD-9958-510B0870DE73}
	EndGlobalSection
EndGlobal
