
Microsoft Visual Studio Solution File, Format Version 12.00
# Visual Studio 15
VisualStudioVersion = 15.0.27703.2047
MinimumVisualStudioVersion = 10.0.40219.1
Project("{FAE04EC0-301F-11D3-BF4B-00C04F79EFBC}") = "Anc20_MVCWithClassLib_Core_IndAuth", "Anc20_MVCWithClassLib_Core_IndAuth\Anc20_MVCWithClassLib_Core_IndAuth.csproj", "{09C0269C-AED0-4E0E-882E-F7C5112ACAD8}"
EndProject
Project("{FAE04EC0-301F-11D3-BF4B-00C04F79EFBC}") = "ClassLibrary_Standard", "ClassLibrary_Standard\ClassLibrary_Standard.csproj", "{6625D65A-DEE1-478B-95A2-4E6FF00AAF6A}"
EndProject
Global
	GlobalSection(SolutionConfigurationPlatforms) = preSolution
		Debug|Any CPU = Debug|Any CPU
		Release|Any CPU = Release|Any CPU
	EndGlobalSection
	GlobalSection(ProjectConfigurationPlatforms) = postSolution
		{09C0269C-AED0-4E0E-882E-F7C5112ACAD8}.Debug|Any CPU.ActiveCfg = Debug|Any CPU
		{09C0269C-AED0-4E0E-882E-F7C5112ACAD8}.Debug|Any CPU.Build.0 = Debug|Any CPU
		{09C0269C-AED0-4E0E-882E-F7C5112ACAD8}.Release|Any CPU.ActiveCfg = Release|Any CPU
		{09C0269C-AED0-4E0E-882E-F7C5112ACAD8}.Release|Any CPU.Build.0 = Release|Any CPU
		{6625D65A-DEE1-478B-95A2-4E6FF00AAF6A}.Debug|Any CPU.ActiveCfg = Debug|Any CPU
		{6625D65A-DEE1-478B-95A2-4E6FF00AAF6A}.Debug|Any CPU.Build.0 = Debug|Any CPU
		{6625D65A-DEE1-478B-95A2-4E6FF00AAF6A}.Release|Any CPU.ActiveCfg = Release|Any CPU
		{6625D65A-DEE1-478B-95A2-4E6FF00AAF6A}.Release|Any CPU.Build.0 = Release|Any CPU
	EndGlobalSection
	GlobalSection(SolutionProperties) = preSolution
		HideSolutionNode = FALSE
	EndGlobalSection
	GlobalSection(ExtensibilityGlobals) = postSolution
		SolutionGuid = {4208A000-CFB3-4462-8777-F5A29596C955}
	EndGlobalSection
EndGlobal
