
Microsoft Visual Studio Solution File, Format Version 12.00
# Visual Studio Version 16
VisualStudioVersion = 16.0.30320.27
MinimumVisualStudioVersion = 10.0.40219.1
Project("{FAE04EC0-301F-11D3-BF4B-00C04F79EFBC}") = "Anc30_Razor_Ind", "Anc30_Razor_Ind\Anc30_Razor_Ind.csproj", "{338E89A9-676D-48B0-81EC-302EF829FC73}"
EndProject
Global
	GlobalSection(SolutionConfigurationPlatforms) = preSolution
		Debug|Any CPU = Debug|Any CPU
		Release|Any CPU = Release|Any CPU
	EndGlobalSection
	GlobalSection(ProjectConfigurationPlatforms) = postSolution
		{338E89A9-676D-48B0-81EC-302EF829FC73}.Debug|Any CPU.ActiveCfg = Debug|Any CPU
		{338E89A9-676D-48B0-81EC-302EF829FC73}.Debug|Any CPU.Build.0 = Debug|Any CPU
		{338E89A9-676D-48B0-81EC-302EF829FC73}.Release|Any CPU.ActiveCfg = Release|Any CPU
		{338E89A9-676D-48B0-81EC-302EF829FC73}.Release|Any CPU.Build.0 = Release|Any CPU
	EndGlobalSection
	GlobalSection(SolutionProperties) = preSolution
		HideSolutionNode = FALSE
	EndGlobalSection
	GlobalSection(ExtensibilityGlobals) = postSolution
		SolutionGuid = {191B9651-8A74-4BFD-98D7-F6D33A2C8095}
	EndGlobalSection
EndGlobal
