
Microsoft Visual Studio Solution File, Format Version 12.00
# Visual Studio 15
VisualStudioVersion = 15.0.27019.1
MinimumVisualStudioVersion = 10.0.40219.1
Project("{FAE04EC0-301F-11D3-BF4B-00C04F79EFBC}") = "NETCore2.0IndiAuthMVC", "NETCore2.0IndiAuthMVC\NETCore2.0IndiAuthMVC.csproj", "{BC76AB82-EAFF-486A-A464-B6D64A1C8F4D}"
EndProject
Global
	GlobalSection(SolutionConfigurationPlatforms) = preSolution
		Debug|Any CPU = Debug|Any CPU
		Release|Any CPU = Release|Any CPU
	EndGlobalSection
	GlobalSection(ProjectConfigurationPlatforms) = postSolution
		{BC76AB82-EAFF-486A-A464-B6D64A1C8F4D}.Debug|Any CPU.ActiveCfg = Debug|Any CPU
		{BC76AB82-EAFF-486A-A464-B6D64A1C8F4D}.Debug|Any CPU.Build.0 = Debug|Any CPU
		{BC76AB82-EAFF-486A-A464-B6D64A1C8F4D}.Release|Any CPU.ActiveCfg = Release|Any CPU
		{BC76AB82-EAFF-486A-A464-B6D64A1C8F4D}.Release|Any CPU.Build.0 = Release|Any CPU
	EndGlobalSection
	GlobalSection(SolutionProperties) = preSolution
		HideSolutionNode = FALSE
	EndGlobalSection
	GlobalSection(ExtensibilityGlobals) = postSolution
		SolutionGuid = {F28C027F-95D9-47C6-AD66-9131951D8BD8}
	EndGlobalSection
EndGlobal
