
Microsoft Visual Studio Solution File, Format Version 12.00
# Visual Studio 15
VisualStudioVersion = 15.0.26228.16
MinimumVisualStudioVersion = 10.0.40219.1
Project("{FAE04EC0-301F-11D3-BF4B-00C04F79EFBC}") = "WebApp_NetFramework_NoAuth10_OnNet461", "WebApp_NetFramework_NoAuth10_OnNet461\WebApp_NetFramework_NoAuth10_OnNet461.csproj", "{220A9C72-6CD7-4E00-9647-04AA0CA3E119}"
EndProject
Project("{FAE04EC0-301F-11D3-BF4B-00C04F79EFBC}") = "NetStandardClassLib_OnNet461", "NetStandardClassLib_OnNet461\NetStandardClassLib_OnNet461.csproj", "{93480A74-0246-4A1F-BC46-C606A7AAD9D2}"
EndProject
Global
	GlobalSection(SolutionConfigurationPlatforms) = preSolution
		Debug|Any CPU = Debug|Any CPU
		Release|Any CPU = Release|Any CPU
	EndGlobalSection
	GlobalSection(ProjectConfigurationPlatforms) = postSolution
		{220A9C72-6CD7-4E00-9647-04AA0CA3E119}.Debug|Any CPU.ActiveCfg = Debug|Any CPU
		{220A9C72-6CD7-4E00-9647-04AA0CA3E119}.Debug|Any CPU.Build.0 = Debug|Any CPU
		{220A9C72-6CD7-4E00-9647-04AA0CA3E119}.Release|Any CPU.ActiveCfg = Release|Any CPU
		{220A9C72-6CD7-4E00-9647-04AA0CA3E119}.Release|Any CPU.Build.0 = Release|Any CPU
		{93480A74-0246-4A1F-BC46-C606A7AAD9D2}.Debug|Any CPU.ActiveCfg = Debug|Any CPU
		{93480A74-0246-4A1F-BC46-C606A7AAD9D2}.Debug|Any CPU.Build.0 = Debug|Any CPU
		{93480A74-0246-4A1F-BC46-C606A7AAD9D2}.Release|Any CPU.ActiveCfg = Release|Any CPU
		{93480A74-0246-4A1F-BC46-C606A7AAD9D2}.Release|Any CPU.Build.0 = Release|Any CPU
	EndGlobalSection
	GlobalSection(SolutionProperties) = preSolution
		HideSolutionNode = FALSE
	EndGlobalSection
EndGlobal
