
Microsoft Visual Studio Solution File, Format Version 12.00
# Visual Studio 2013
VisualStudioVersion = 12.0.40629.0
MinimumVisualStudioVersion = 10.0.40219.1
Project("{FAE04EC0-301F-11D3-BF4B-00C04F79EFBC}") = "Vs2013U5_Mvc4InternetApp_40_Cs", "Vs2013U5_Mvc4InternetApp_40_Cs\Vs2013U5_Mvc4InternetApp_40_Cs.csproj", "{3F6DEC1A-3B4B-4719-915C-FECDB3DC3ECA}"
EndProject
Project("{FAE04EC0-301F-11D3-BF4B-00C04F79EFBC}") = "Vs2013U5_Mvc4InternetApp_40_Cs.Tests", "Vs2013U5_Mvc4InternetApp_40_Cs.Tests\Vs2013U5_Mvc4InternetApp_40_Cs.Tests.csproj", "{7E1F143A-7EE2-40CB-B133-DE9A241EBF40}"
EndProject
Global
	GlobalSection(SolutionConfigurationPlatforms) = preSolution
		Debug|Any CPU = Debug|Any CPU
		Release|Any CPU = Release|Any CPU
	EndGlobalSection
	GlobalSection(ProjectConfigurationPlatforms) = postSolution
		{3F6DEC1A-3B4B-4719-915C-FECDB3DC3ECA}.Debug|Any CPU.ActiveCfg = Debug|Any CPU
		{3F6DEC1A-3B4B-4719-915C-FECDB3DC3ECA}.Debug|Any CPU.Build.0 = Debug|Any CPU
		{3F6DEC1A-3B4B-4719-915C-FECDB3DC3ECA}.Release|Any CPU.ActiveCfg = Release|Any CPU
		{3F6DEC1A-3B4B-4719-915C-FECDB3DC3ECA}.Release|Any CPU.Build.0 = Release|Any CPU
		{7E1F143A-7EE2-40CB-B133-DE9A241EBF40}.Debug|Any CPU.ActiveCfg = Debug|Any CPU
		{7E1F143A-7EE2-40CB-B133-DE9A241EBF40}.Debug|Any CPU.Build.0 = Debug|Any CPU
		{7E1F143A-7EE2-40CB-B133-DE9A241EBF40}.Release|Any CPU.ActiveCfg = Release|Any CPU
		{7E1F143A-7EE2-40CB-B133-DE9A241EBF40}.Release|Any CPU.Build.0 = Release|Any CPU
	EndGlobalSection
	GlobalSection(SolutionProperties) = preSolution
		HideSolutionNode = FALSE
	EndGlobalSection
EndGlobal
