
Microsoft Visual Studio Solution File, Format Version 12.00
# Visual Studio 15
VisualStudioVersion = 15.0.26228.16
MinimumVisualStudioVersion = 10.0.40219.1
Project("{FAE04EC0-301F-11D3-BF4B-00C04F79EFBC}") = "WebApp_NetFramework_Ind10_OnNet461", "WebApp_NetFramework_Ind10_OnNet461\WebApp_NetFramework_Ind10_OnNet461.csproj", "{4D0138D6-4B25-4723-AE0B-E47A183B24DC}"
EndProject
Project("{FAE04EC0-301F-11D3-BF4B-00C04F79EFBC}") = "NetStandardClassLib_OnNet461", "NetStandardClassLib_OnNet461\NetStandardClassLib_OnNet461.csproj", "{C7F6B5D9-0196-409B-884F-BE3F8319A610}"
EndProject
Global
	GlobalSection(SolutionConfigurationPlatforms) = preSolution
		Debug|Any CPU = Debug|Any CPU
		Release|Any CPU = Release|Any CPU
	EndGlobalSection
	GlobalSection(ProjectConfigurationPlatforms) = postSolution
		{4D0138D6-4B25-4723-AE0B-E47A183B24DC}.Debug|Any CPU.ActiveCfg = Debug|Any CPU
		{4D0138D6-4B25-4723-AE0B-E47A183B24DC}.Debug|Any CPU.Build.0 = Debug|Any CPU
		{4D0138D6-4B25-4723-AE0B-E47A183B24DC}.Release|Any CPU.ActiveCfg = Release|Any CPU
		{4D0138D6-4B25-4723-AE0B-E47A183B24DC}.Release|Any CPU.Build.0 = Release|Any CPU
		{C7F6B5D9-0196-409B-884F-BE3F8319A610}.Debug|Any CPU.ActiveCfg = Debug|Any CPU
		{C7F6B5D9-0196-409B-884F-BE3F8319A610}.Debug|Any CPU.Build.0 = Debug|Any CPU
		{C7F6B5D9-0196-409B-884F-BE3F8319A610}.Release|Any CPU.ActiveCfg = Release|Any CPU
		{C7F6B5D9-0196-409B-884F-BE3F8319A610}.Release|Any CPU.Build.0 = Release|Any CPU
	EndGlobalSection
	GlobalSection(SolutionProperties) = preSolution
		HideSolutionNode = FALSE
	EndGlobalSection
EndGlobal
