
Microsoft Visual Studio Solution File, Format Version 12.00
# Visual Studio 14
VisualStudioVersion = 14.0.25420.1
MinimumVisualStudioVersion = 10.0.40219.1
Project("{E24C65DC-7377-472B-9ABA-BC803B73C61A}") = "WebsiteCsRazorV3", "WebsiteCsRazorV3\", "{2D6E2581-2D9F-4F51-9CA4-6B79FF80EE23}"
	ProjectSection(WebsiteProperties) = preProject
		TargetFrameworkMoniker = ".NETFramework,Version%3Dv4.6.1"
		Debug.AspNetCompiler.VirtualPath = "/localhost_6041"
		Debug.AspNetCompiler.PhysicalPath = "WebsiteCsRazorV3\"
		Debug.AspNetCompiler.TargetPath = "PrecompiledWeb\localhost_6041\"
		Debug.AspNetCompiler.Updateable = "true"
		Debug.AspNetCompiler.ForceOverwrite = "true"
		Debug.AspNetCompiler.FixedNames = "false"
		Debug.AspNetCompiler.Debug = "True"
		Release.AspNetCompiler.VirtualPath = "/localhost_6041"
		Release.AspNetCompiler.PhysicalPath = "WebsiteCsRazorV3\"
		Release.AspNetCompiler.TargetPath = "PrecompiledWeb\localhost_6041\"
		Release.AspNetCompiler.Updateable = "true"
		Release.AspNetCompiler.ForceOverwrite = "true"
		Release.AspNetCompiler.FixedNames = "false"
		Release.AspNetCompiler.Debug = "False"
		VWDPort = "6041"
		DefaultWebSiteLanguage = "Visual C#"
	EndProjectSection
EndProject
Project("{E24C65DC-7377-472B-9ABA-BC803B73C61A}") = "WCFServiceFTPVb", "ftp://venusiis8/WCFServiceFTPVb", "{F83A0886-4EB8-4853-BBE7-55DFFA8994DF}"
	ProjectSection(WebsiteProperties) = preProject
		TargetFrameworkMoniker = ".NETFramework,Version%3Dv4.6.1"
		Debug.AspNetCompiler.VirtualPath = "/WCFServiceFTPVb"
		Debug.AspNetCompiler.PhysicalPath = "..\..\..\..\AppData\Local\Temp\VWDWebCache\ftp_venusiis8_WCFServiceFTPVb\"
		Debug.AspNetCompiler.TargetPath = "PrecompiledWeb\WCFServiceFTPVb\"
		Debug.AspNetCompiler.Updateable = "true"
		Debug.AspNetCompiler.ForceOverwrite = "true"
		Debug.AspNetCompiler.FixedNames = "false"
		Debug.AspNetCompiler.Debug = "True"
		Release.AspNetCompiler.VirtualPath = "/WCFServiceFTPVb"
		Release.AspNetCompiler.PhysicalPath = "..\..\..\..\AppData\Local\Temp\VWDWebCache\ftp_venusiis8_WCFServiceFTPVb\"
		Release.AspNetCompiler.TargetPath = "PrecompiledWeb\WCFServiceFTPVb\"
		Release.AspNetCompiler.Updateable = "true"
		Release.AspNetCompiler.ForceOverwrite = "true"
		Release.AspNetCompiler.FixedNames = "false"
		Release.AspNetCompiler.Debug = "False"
		DefaultWebSiteLanguage = "Visual Basic"
	EndProjectSection
EndProject
Global
	GlobalSection(SolutionConfigurationPlatforms) = preSolution
		Debug|Any CPU = Debug|Any CPU
	EndGlobalSection
	GlobalSection(ProjectConfigurationPlatforms) = postSolution
		{2D6E2581-2D9F-4F51-9CA4-6B79FF80EE23}.Debug|Any CPU.ActiveCfg = Debug|Any CPU
		{2D6E2581-2D9F-4F51-9CA4-6B79FF80EE23}.Debug|Any CPU.Build.0 = Debug|Any CPU
		{F83A0886-4EB8-4853-BBE7-55DFFA8994DF}.Debug|Any CPU.ActiveCfg = Debug|Any CPU
		{F83A0886-4EB8-4853-BBE7-55DFFA8994DF}.Debug|Any CPU.Build.0 = Debug|Any CPU
	EndGlobalSection
	GlobalSection(SolutionProperties) = preSolution
		HideSolutionNode = FALSE
	EndGlobalSection
EndGlobal
